// !$*UTF8*$!
{
	archiveVersion = 1;
	classes = {
	};
	objectVersion = 46;
	objects = {

/* Begin PBXBuildFile section */
		BD8673681D098BDB000806AD /* main.m in Sources */ = {isa = PBXBuildFile; fileRef = BD8673671D098BDB000806AD /* main.m */; };
		BD86736B1D098BDB000806AD /* AppDelegate.m in Sources */ = {isa = PBXBuildFile; fileRef = BD86736A1D098BDB000806AD /* AppDelegate.m */; };
		BD86736E1D098BDB000806AD /* ViewController.m in Sources */ = {isa = PBXBuildFile; fileRef = BD86736D1D098BDB000806AD /* ViewController.m */; };
		BD8673711D098BDB000806AD /* Main.storyboard in Resources */ = {isa = PBXBuildFile; fileRef = BD86736F1D098BDB000806AD /* Main.storyboard */; };
		BD8673731D098BDB000806AD /* Assets.xcassets in Resources */ = {isa = PBXBuildFile; fileRef = BD8673721D098BDB000806AD /* Assets.xcassets */; };
		BD8673761D098BDB000806AD /* LaunchScreen.storyboard in Resources */ = {isa = PBXBuildFile; fileRef = BD8673741D098BDB000806AD /* LaunchScreen.storyboard */; };
		C75AFEFFA7FBC4D8200D14EF /* libPods-ObjcPushApp.a in Frameworks */ = {isa = PBXBuildFile; fileRef = 5C616E6BFDF1962209EB6DCC /* libPods-ObjcPushApp.a */; };
/* End PBXBuildFile section */

/* Begin PBXFileReference section */
		0F36EE9AF0FD9ED448CD4F65 /* Pods-ObjcPushApp.release.xcconfig */ = {isa = PBXFileReference; includeInIndex = 1; lastKnownFileType = text.xcconfig; name = "Pods-ObjcPushApp.release.xcconfig"; path = "Pods/Target Support Files/Pods-ObjcPushApp/Pods-ObjcPushApp.release.xcconfig"; sourceTree = "<group>"; };
		5C616E6BFDF1962209EB6DCC /* libPods-ObjcPushApp.a */ = {isa = PBXFileReference; explicitFileType = archive.ar; includeInIndex = 0; path = "libPods-ObjcPushApp.a"; sourceTree = BUILT_PRODUCTS_DIR; };
		BD8673631D098BDB000806AD /* ObjcPushApp.app */ = {isa = PBXFileReference; explicitFileType = wrapper.application; includeInIndex = 0; path = ObjcPushApp.app; sourceTree = BUILT_PRODUCTS_DIR; };
		BD8673671D098BDB000806AD /* main.m */ = {isa = PBXFileReference; lastKnownFileType = sourcecode.c.objc; path = main.m; sourceTree = "<group>"; };
		BD8673691D098BDB000806AD /* AppDelegate.h */ = {isa = PBXFileReference; lastKnownFileType = sourcecode.c.h; path = AppDelegate.h; sourceTree = "<group>"; };
		BD86736A1D098BDB000806AD /* AppDelegate.m */ = {isa = PBXFileReference; lastKnownFileType = sourcecode.c.objc; path = AppDelegate.m; sourceTree = "<group>"; };
		BD86736C1D098BDB000806AD /* ViewController.h */ = {isa = PBXFileReference; lastKnownFileType = sourcecode.c.h; path = ViewController.h; sourceTree = "<group>"; };
		BD86736D1D098BDB000806AD /* ViewController.m */ = {isa = PBXFileReference; lastKnownFileType = sourcecode.c.objc; path = ViewController.m; sourceTree = "<group>"; };
		BD8673701D098BDB000806AD /* Base */ = {isa = PBXFileReference; lastKnownFileType = file.storyboard; name = Base; path = Base.lproj/Main.storyboard; sourceTree = "<group>"; };
		BD8673721D098BDB000806AD /* Assets.xcassets */ = {isa = PBXFileReference; lastKnownFileType = folder.assetcatalog; path = Assets.xcassets; sourceTree = "<group>"; };
		BD8673751D098BDB000806AD /* Base */ = {isa = PBXFileReference; lastKnownFileType = file.storyboard; name = Base; path = Base.lproj/LaunchScreen.storyboard; sourceTree = "<group>"; };
		BD8673771D098BDB000806AD /* Info.plist */ = {isa = PBXFileReference; lastKnownFileType = text.plist.xml; path = Info.plist; sourceTree = "<group>"; };
		BE9B3441367950D3E85E40F9 /* Pods-ObjcPushApp.debug.xcconfig */ = {isa = PBXFileReference; includeInIndex = 1; lastKnownFileType = text.xcconfig; name = "Pods-ObjcPushApp.debug.xcconfig"; path = "Pods/Target Support Files/Pods-ObjcPushApp/Pods-ObjcPushApp.debug.xcconfig"; sourceTree = "<group>"; };
/* End PBXFileReference section */

/* Begin PBXFrameworksBuildPhase section */
		BD8673601D098BDB000806AD /* Frameworks */ = {
			isa = PBXFrameworksBuildPhase;
			buildActionMask = 2147483647;
			files = (
				C75AFEFFA7FBC4D8200D14EF /* libPods-ObjcPushApp.a in Frameworks */,
			);
			runOnlyForDeploymentPostprocessing = 0;
		};
/* End PBXFrameworksBuildPhase section */

/* Begin PBXGroup section */
		653E732BD2DE9A9C17B45ABE /* Frameworks */ = {
			isa = PBXGroup;
			children = (
				5C616E6BFDF1962209EB6DCC /* libPods-ObjcPushApp.a */,
			);
			name = Frameworks;
			sourceTree = "<group>";
		};
		AC557E13E3B65755727C9E31 /* Pods */ = {
			isa = PBXGroup;
			children = (
				BE9B3441367950D3E85E40F9 /* Pods-ObjcPushApp.debug.xcconfig */,
				0F36EE9AF0FD9ED448CD4F65 /* Pods-ObjcPushApp.release.xcconfig */,
			);
			name = Pods;
			sourceTree = "<group>";
		};
		BD86735A1D098BDB000806AD = {
			isa = PBXGroup;
			children = (
				BD8673651D098BDB000806AD /* ObjcPushApp */,
				BD8673641D098BDB000806AD /* Products */,
				AC557E13E3B65755727C9E31 /* Pods */,
				653E732BD2DE9A9C17B45ABE /* Frameworks */,
			);
			sourceTree = "<group>";
		};
		BD8673641D098BDB000806AD /* Products */ = {
			isa = PBXGroup;
			children = (
				BD8673631D098BDB000806AD /* ObjcPushApp.app */,
			);
			name = Products;
			sourceTree = "<group>";
		};
		BD8673651D098BDB000806AD /* ObjcPushApp */ = {
			isa = PBXGroup;
			children = (
				BD8673691D098BDB000806AD /* AppDelegate.h */,
				BD86736A1D098BDB000806AD /* AppDelegate.m */,
				BD86736C1D098BDB000806AD /* ViewController.h */,
				BD86736D1D098BDB000806AD /* ViewController.m */,
				BD86736F1D098BDB000806AD /* Main.storyboard */,
				BD8673721D098BDB000806AD /* Assets.xcassets */,
				BD8673741D098BDB000806AD /* LaunchScreen.storyboard */,
				BD8673771D098BDB000806AD /* Info.plist */,
				BD8673661D098BDB000806AD /* Supporting Files */,
			);
			path = ObjcPushApp;
			sourceTree = "<group>";
		};
		BD8673661D098BDB000806AD /* Supporting Files */ = {
			isa = PBXGroup;
			children = (
				BD8673671D098BDB000806AD /* main.m */,
			);
			name = "Supporting Files";
			sourceTree = "<group>";
		};
/* End PBXGroup section */

/* Begin PBXNativeTarget section */
		BD8673621D098BDB000806AD /* ObjcPushApp */ = {
			isa = PBXNativeTarget;
			buildConfigurationList = BD86737A1D098BDB000806AD /* Build configuration list for PBXNativeTarget "ObjcPushApp" */;
			buildPhases = (
				FDB29AA642C0441C791A0D14 /* [CP] Check Pods Manifest.lock */,
				BD86735F1D098BDB000806AD /* Sources */,
				BD8673601D098BDB000806AD /* Frameworks */,
				BD8673611D098BDB000806AD /* Resources */,
				18DEE85C29B810AB3D623BD7 /* [CP] Embed Pods Frameworks */,
				FA3010365EF92CD7D8ED4B8D /* [CP] Copy Pods Resources */,
			);
			buildRules = (
			);
			dependencies = (
			);
			name = ObjcPushApp;
			productName = ObjcPushApp;
			productReference = BD8673631D098BDB000806AD /* ObjcPushApp.app */;
			productType = "com.apple.product-type.application";
		};
/* End PBXNativeTarget section */

/* Begin PBXProject section */
		BD86735B1D098BDB000806AD /* Project object */ = {
			isa = PBXProject;
			attributes = {
				LastUpgradeCheck = 0720;
				ORGANIZATIONNAME = "FUJITSU CLOUD TECHNOLOGIES LIMITED";
				TargetAttributes = {
					BD8673621D098BDB000806AD = {
						CreatedOnToolsVersion = 7.2.1;
						DevelopmentTeam = KKEABKJHRA;
					};
				};
			};
			buildConfigurationList = BD86735E1D098BDB000806AD /* Build configuration list for PBXProject "ObjcPushApp" */;
			compatibilityVersion = "Xcode 3.2";
			developmentRegion = English;
			hasScannedForEncodings = 0;
			knownRegions = (
				en,
				Base,
			);
			mainGroup = BD86735A1D098BDB000806AD;
			productRefGroup = BD8673641D098BDB000806AD /* Products */;
			projectDirPath = "";
			projectRoot = "";
			targets = (
				BD8673621D098BDB000806AD /* ObjcPushApp */,
			);
		};
/* End PBXProject section */

/* Begin PBXResourcesBuildPhase section */
		BD8673611D098BDB000806AD /* Resources */ = {
			isa = PBXResourcesBuildPhase;
			buildActionMask = 2147483647;
			files = (
				BD8673761D098BDB000806AD /* LaunchScreen.storyboard in Resources */,
				BD8673731D098BDB000806AD /* Assets.xcassets in Resources */,
				BD8673711D098BDB000806AD /* Main.storyboard in Resources */,
			);
			runOnlyForDeploymentPostprocessing = 0;
		};
/* End PBXResourcesBuildPhase section */

/* Begin PBXShellScriptBuildPhase section */
		18DEE85C29B810AB3D623BD7 /* [CP] Embed Pods Frameworks */ = {
			isa = PBXShellScriptBuildPhase;
			buildActionMask = 2147483647;
			files = (
			);
			inputPaths = (
			);
			name = "[CP] Embed Pods Frameworks";
			outputPaths = (
			);
			runOnlyForDeploymentPostprocessing = 0;
			shellPath = /bin/sh;
			shellScript = "\"${SRCROOT}/Pods/Target Support Files/Pods-ObjcPushApp/Pods-ObjcPushApp-frameworks.sh\"\n";
			showEnvVarsInLog = 0;
		};
		FA3010365EF92CD7D8ED4B8D /* [CP] Copy Pods Resources */ = {
			isa = PBXShellScriptBuildPhase;
			buildActionMask = 2147483647;
			files = (
			);
			inputPaths = (
			);
			name = "[CP] Copy Pods Resources";
			outputPaths = (
			);
			runOnlyForDeploymentPostprocessing = 0;
			shellPath = /bin/sh;
			shellScript = "\"${SRCROOT}/Pods/Target Support Files/Pods-ObjcPushApp/Pods-ObjcPushApp-resources.sh\"\n";
			showEnvVarsInLog = 0;
		};
		FDB29AA642C0441C791A0D14 /* [CP] Check Pods Manifest.lock */ = {
			isa = PBXShellScriptBuildPhase;
			buildActionMask = 2147483647;
			files = (
			);
			inputPaths = (
			);
			name = "[CP] Check Pods Manifest.lock";
			outputPaths = (
			);
			runOnlyForDeploymentPostprocessing = 0;
			shellPath = /bin/sh;
			shellScript = "diff \"${PODS_ROOT}/../Podfile.lock\" \"${PODS_ROOT}/Manifest.lock\" > /dev/null\nif [ $? != 0 ] ; then\n    # print error to STDERR\n    echo \"error: The sandbox is not in sync with the Podfile.lock. Run 'pod install' or update your CocoaPods installation.\" >&2\n    exit 1\nfi\n";
			showEnvVarsInLog = 0;
		};
/* End PBXShellScriptBuildPhase section */

/* Begin PBXSourcesBuildPhase section */
		BD86735F1D098BDB000806AD /* Sources */ = {
			isa = PBXSourcesBuildPhase;
			buildActionMask = 2147483647;
			files = (
				BD86736E1D098BDB000806AD /* ViewController.m in Sources */,
				BD86736B1D098BDB000806AD /* AppDelegate.m in Sources */,
				BD8673681D098BDB000806AD /* main.m in Sources */,
			);
			runOnlyForDeploymentPostprocessing = 0;
		};
/* End PBXSourcesBuildPhase section */

/* Begin PBXVariantGroup section */
		BD86736F1D098BDB000806AD /* Main.storyboard */ = {
			isa = PBXVariantGroup;
			children = (
				BD8673701D098BDB000806AD /* Base */,
			);
			name = Main.storyboard;
			sourceTree = "<group>";
		};
		BD8673741D098BDB000806AD /* LaunchScreen.storyboard */ = {
			isa = PBXVariantGroup;
			children = (
				BD8673751D098BDB000806AD /* Base */,
			);
			name = LaunchScreen.storyboard;
			sourceTree = "<group>";
		};
/* End PBXVariantGroup section */

/* Begin XCBuildConfiguration section */
		BD8673781D098BDB000806AD /* Debug */ = {
			isa = XCBuildConfiguration;
			buildSettings = {
				ALWAYS_SEARCH_USER_PATHS = NO;
				CLANG_CXX_LANGUAGE_STANDARD = "gnu++0x";
				CLANG_CXX_LIBRARY = "libc++";
				CLANG_ENABLE_MODULES = YES;
				CLANG_ENABLE_OBJC_ARC = YES;
				CLANG_WARN_BOOL_CONVERSION = YES;
				CLANG_WARN_CONSTANT_CONVERSION = YES;
				CLANG_WARN_DIRECT_OBJC_ISA_USAGE = YES_ERROR;
				CLANG_WARN_EMPTY_BODY = YES;
				CLANG_WARN_ENUM_CONVERSION = YES;
				CLANG_WARN_INT_CONVERSION = YES;
				CLANG_WARN_OBJC_ROOT_CLASS = YES_ERROR;
				CLANG_WARN_UNREACHABLE_CODE = YES;
				CLANG_WARN__DUPLICATE_METHOD_MATCH = YES;
				"CODE_SIGN_IDENTITY[sdk=iphoneos*]" = "iPhone Developer";
				COPY_PHASE_STRIP = NO;
				DEBUG_INFORMATION_FORMAT = dwarf;
				ENABLE_STRICT_OBJC_MSGSEND = YES;
				ENABLE_TESTABILITY = YES;
				GCC_C_LANGUAGE_STANDARD = gnu99;
				GCC_DYNAMIC_NO_PIC = NO;
				GCC_NO_COMMON_BLOCKS = YES;
				GCC_OPTIMIZATION_LEVEL = 0;
				GCC_PREPROCESSOR_DEFINITIONS = (
					"DEBUG=1",
					"$(inherited)",
				);
				GCC_WARN_64_TO_32_BIT_CONVERSION = YES;
				GCC_WARN_ABOUT_RETURN_TYPE = YES_ERROR;
				GCC_WARN_UNDECLARED_SELECTOR = YES;
				GCC_WARN_UNINITIALIZED_AUTOS = YES_AGGRESSIVE;
				GCC_WARN_UNUSED_FUNCTION = YES;
				GCC_WARN_UNUSED_VARIABLE = YES;
				IPHONEOS_DEPLOYMENT_TARGET = 9.2;
				MTL_ENABLE_DEBUG_INFO = YES;
				ONLY_ACTIVE_ARCH = YES;
				SDKROOT = iphoneos;
				TARGETED_DEVICE_FAMILY = "1,2";
			};
			name = Debug;
		};
		BD8673791D098BDB000806AD /* Release */ = {
			isa = XCBuildConfiguration;
			buildSettings = {
				ALWAYS_SEARCH_USER_PATHS = NO;
				CLANG_CXX_LANGUAGE_STANDARD = "gnu++0x";
				CLANG_CXX_LIBRARY = "libc++";
				CLANG_ENABLE_MODULES = YES;
				CLANG_ENABLE_OBJC_ARC = YES;
				CLANG_WARN_BOOL_CONVERSION = YES;
				CLANG_WARN_CONSTANT_CONVERSION = YES;
				CLANG_WARN_DIRECT_OBJC_ISA_USAGE = YES_ERROR;
				CLANG_WARN_EMPTY_BODY = YES;
				CLANG_WARN_ENUM_CONVERSION = YES;
				CLANG_WARN_INT_CONVERSION = YES;
				CLANG_WARN_OBJC_ROOT_CLASS = YES_ERROR;
				CLANG_WARN_UNREACHABLE_CODE = YES;
				CLANG_WARN__DUPLICATE_METHOD_MATCH = YES;
				"CODE_SIGN_IDENTITY[sdk=iphoneos*]" = "iPhone Developer";
				COPY_PHASE_STRIP = NO;
				DEBUG_INFORMATION_FORMAT = "dwarf-with-dsym";
				ENABLE_NS_ASSERTIONS = NO;
				ENABLE_STRICT_OBJC_MSGSEND = YES;
				GCC_C_LANGUAGE_STANDARD = gnu99;
				GCC_NO_COMMON_BLOCKS = YES;
				GCC_WARN_64_TO_32_BIT_CONVERSION = YES;
				GCC_WARN_ABOUT_RETURN_TYPE = YES_ERROR;
				GCC_WARN_UNDECLARED_SELECTOR = YES;
				GCC_WARN_UNINITIALIZED_AUTOS = YES_AGGRESSIVE;
				GCC_WARN_UNUSED_FUNCTION = YES;
				GCC_WARN_UNUSED_VARIABLE = YES;
				IPHONEOS_DEPLOYMENT_TARGET = 9.2;
				MTL_ENABLE_DEBUG_INFO = NO;
				SDKROOT = iphoneos;
				TARGETED_DEVICE_FAMILY = "1,2";
				VALIDATE_PRODUCT = YES;
			};
			name = Release;
		};
		BD86737B1D098BDB000806AD /* Debug */ = {
			isa = XCBuildConfiguration;
			baseConfigurationReference = BE9B3441367950D3E85E40F9 /* Pods-ObjcPushApp.debug.xcconfig */;
			buildSettings = {
				ASSETCATALOG_COMPILER_APPICON_NAME = AppIcon;
				INFOPLIST_FILE = ObjcPushApp/Info.plist;
				IPHONEOS_DEPLOYMENT_TARGET = 8.0;
				LD_RUNPATH_SEARCH_PATHS = "$(inherited) @executable_path/Frameworks";
				PRODUCT_BUNDLE_IDENTIFIER = com.mobilebackend.nifcloud.ObjcPushApp;
				PRODUCT_NAME = "$(TARGET_NAME)";
			};
			name = Debug;
		};
		BD86737C1D098BDB000806AD /* Release */ = {
			isa = XCBuildConfiguration;
			baseConfigurationReference = 0F36EE9AF0FD9ED448CD4F65 /* Pods-ObjcPushApp.release.xcconfig */;
			buildSettings = {
				ASSETCATALOG_COMPILER_APPICON_NAME = AppIcon;
				INFOPLIST_FILE = ObjcPushApp/Info.plist;
				IPHONEOS_DEPLOYMENT_TARGET = 8.0;
				LD_RUNPATH_SEARCH_PATHS = "$(inherited) @executable_path/Frameworks";
				PRODUCT_BUNDLE_IDENTIFIER = com.mobilebackend.nifcloud.ObjcPushApp;
				PRODUCT_NAME = "$(TARGET_NAME)";
			};
			name = Release;
		};
/* End XCBuildConfiguration section */

/* Begin XCConfigurationList section */
		BD86735E1D098BDB000806AD /* Build configuration list for PBXProject "ObjcPushApp" */ = {
			isa = XCConfigurationList;
			buildConfigurations = (
				BD8673781D098BDB000806AD /* Debug */,
				BD8673791D098BDB000806AD /* Release */,
			);
			defaultConfigurationIsVisible = 0;
			defaultConfigurationName = Release;
		};
		BD86737A1D098BDB000806AD /* Build configuration list for PBXNativeTarget "ObjcPushApp" */ = {
			isa = XCConfigurationList;
			buildConfigurations = (
				BD86737B1D098BDB000806AD /* Debug */,
				BD86737C1D098BDB000806AD /* Release */,
			);
			defaultConfigurationIsVisible = 0;
			defaultConfigurationName = Release;
		};
/* End XCConfigurationList section */
	};
	rootObject = BD86735B1D098BDB000806AD /* Project object */;
}
